// !$*UTF8*$!
{
	archiveVersion = 1;
	classes = {
	};
	objectVersion = 55;
	objects = {

/* Begin PBXBuildFile section */
		AD20EE5727C3F04200D752DD /* newApp.swift in Sources */ = {isa = PBXBuildFile; fileRef = AD20EE5627C3F04200D752DD /* newApp.swift */; };
		AD20EE5927C3F04200D752DD /* ContentView.swift in Sources */ = {isa = PBXBuildFile; fileRef = AD20EE5827C3F04200D752DD /* ContentView.swift */; };
		AD20EE5B27C3F04400D752DD /* Assets.xcassets in Resources */ = {isa = PBXBuildFile; fileRef = AD20EE5A27C3F04400D752DD /* Assets.xcassets */; };
		AD20EE5E27C3F04400D752DD /* Preview Assets.xcassets in Resources */ = {isa = PBXBuildFile; fileRef = AD20EE5D27C3F04400D752DD /* Preview Assets.xcassets */; };
		AD43C56A27C4DE2D00C0144B /* Stories.swift in Sources */ = {isa = PBXBuildFile; fileRef = AD43C56927C4DE2D00C0144B /* Stories.swift */; };
		AD43C56C27C4DE8B00C0144B /* BreakingNews.swift in Sources */ = {isa = PBXBuildFile; fileRef = AD43C56B27C4DE8B00C0144B /* BreakingNews.swift */; };
		AD43C56E27C4EBE900C0144B /* buttonTap.swift in Sources */ = {isa = PBXBuildFile; fileRef = AD43C56D27C4EBE900C0144B /* buttonTap.swift */; };
		AD43C57027C4FCCD00C0144B /* Story.swift in Sources */ = {isa = PBXBuildFile; fileRef = AD43C56F27C4FCCD00C0144B /* Story.swift */; };
		AD43C57227C5067100C0144B /* ShortsYoutube.swift in Sources */ = {isa = PBXBuildFile; fileRef = AD43C57127C5067100C0144B /* ShortsYoutube.swift */; };
		ADBE1DF027C43BEC002D403D /* explore.swift in Sources */ = {isa = PBXBuildFile; fileRef = ADBE1DEF27C43BEC002D403D /* explore.swift */; };
		ADBE1DF227C443CF002D403D /* Bottom.swift in Sources */ = {isa = PBXBuildFile; fileRef = ADBE1DF127C443CF002D403D /* Bottom.swift */; };
		ADBE1DF427C449ED002D403D /* post.swift in Sources */ = {isa = PBXBuildFile; fileRef = ADBE1DF327C449ED002D403D /* post.swift */; };
/* End PBXBuildFile section */

/* Begin PBXFileReference section */
		AD20EE5327C3F04200D752DD /* new.app */ = {isa = PBXFileReference; explicitFileType = wrapper.application; includeInIndex = 0; path = new.app; sourceTree = BUILT_PRODUCTS_DIR; };
		AD20EE5627C3F04200D752DD /* newApp.swift */ = {isa = PBXFileReference; lastKnownFileType = sourcecode.swift; path = newApp.swift; sourceTree = "<group>"; };
		AD20EE5827C3F04200D752DD /* ContentView.swift */ = {isa = PBXFileReference; lastKnownFileType = sourcecode.swift; path = ContentView.swift; sourceTree = "<group>"; };
		AD20EE5A27C3F04400D752DD /* Assets.xcassets */ = {isa = PBXFileReference; lastKnownFileType = folder.assetcatalog; path = Assets.xcassets; sourceTree = "<group>"; };
		AD20EE5D27C3F04400D752DD /* Preview Assets.xcassets */ = {isa = PBXFileReference; lastKnownFileType = folder.assetcatalog; path = "Preview Assets.xcassets"; sourceTree = "<group>"; };
		AD43C56927C4DE2D00C0144B /* Stories.swift */ = {isa = PBXFileReference; lastKnownFileType = sourcecode.swift; path = Stories.swift; sourceTree = "<group>"; };
		AD43C56B27C4DE8B00C0144B /* BreakingNews.swift */ = {isa = PBXFileReference; lastKnownFileType = sourcecode.swift; path = BreakingNews.swift; sourceTree = "<group>"; };
		AD43C56D27C4EBE900C0144B /* buttonTap.swift */ = {isa = PBXFileReference; lastKnownFileType = sourcecode.swift; path = buttonTap.swift; sourceTree = "<group>"; };
		AD43C56F27C4FCCD00C0144B /* Story.swift */ = {isa = PBXFileReference; lastKnownFileType = sourcecode.swift; path = Story.swift; sourceTree = "<group>"; };
		AD43C57127C5067100C0144B /* ShortsYoutube.swift */ = {isa = PBXFileReference; lastKnownFileType = sourcecode.swift; path = ShortsYoutube.swift; sourceTree = "<group>"; };
		ADBE1DEF27C43BEC002D403D /* explore.swift */ = {isa = PBXFileReference; lastKnownFileType = sourcecode.swift; path = explore.swift; sourceTree = "<group>"; };
		ADBE1DF127C443CF002D403D /* Bottom.swift */ = {isa = PBXFileReference; lastKnownFileType = sourcecode.swift; path = Bottom.swift; sourceTree = "<group>"; };
		ADBE1DF327C449ED002D403D /* post.swift */ = {isa = PBXFileReference; lastKnownFileType = sourcecode.swift; path = post.swift; sourceTree = "<group>"; };
/* End PBXFileReference section */

/* Begin PBXFrameworksBuildPhase section */
		AD20EE5027C3F04200D752DD /* Frameworks */ = {
			isa = PBXFrameworksBuildPhase;
			buildActionMask = 2147483647;
			files = (
			);
			runOnlyForDeploymentPostprocessing = 0;
		};
/* End PBXFrameworksBuildPhase section */

/* Begin PBXGroup section */
		AD20EE4A27C3F04200D752DD = {
			isa = PBXGroup;
			children = (
				AD20EE5527C3F04200D752DD /* new */,
				AD20EE5427C3F04200D752DD /* Products */,
			);
			sourceTree = "<group>";
		};
		AD20EE5427C3F04200D752DD /* Products */ = {
			isa = PBXGroup;
			children = (
				AD20EE5327C3F04200D752DD /* new.app */,
			);
			name = Products;
			sourceTree = "<group>";
		};
		AD20EE5527C3F04200D752DD /* new */ = {
			isa = PBXGroup;
			children = (
				ADBE1DEE27C43BDE002D403D /* cells */,
				AD20EE5627C3F04200D752DD /* newApp.swift */,
				AD20EE5827C3F04200D752DD /* ContentView.swift */,
				AD20EE5A27C3F04400D752DD /* Assets.xcassets */,
				AD20EE5C27C3F04400D752DD /* Preview Content */,
			);
			path = new;
			sourceTree = "<group>";
		};
		AD20EE5C27C3F04400D752DD /* Preview Content */ = {
			isa = PBXGroup;
			children = (
				AD20EE5D27C3F04400D752DD /* Preview Assets.xcassets */,
			);
			path = "Preview Content";
			sourceTree = "<group>";
		};
		ADBE1DEE27C43BDE002D403D /* cells */ = {
			isa = PBXGroup;
			children = (
				ADBE1DEF27C43BEC002D403D /* explore.swift */,
				ADBE1DF127C443CF002D403D /* Bottom.swift */,
				ADBE1DF327C449ED002D403D /* post.swift */,
				AD43C56927C4DE2D00C0144B /* Stories.swift */,
				AD43C56B27C4DE8B00C0144B /* BreakingNews.swift */,
				AD43C56D27C4EBE900C0144B /* buttonTap.swift */,
				AD43C56F27C4FCCD00C0144B /* Story.swift */,
				AD43C57127C5067100C0144B /* ShortsYoutube.swift */,
			);
			path = cells;
			sourceTree = "<group>";
		};
/* End PBXGroup section */

/* Begin PBXNativeTarget section */
		AD20EE5227C3F04200D752DD /* new */ = {
			isa = PBXNativeTarget;
			buildConfigurationList = AD20EE6127C3F04400D752DD /* Build configuration list for PBXNativeTarget "new" */;
			buildPhases = (
				AD20EE4F27C3F04200D752DD /* Sources */,
				AD20EE5027C3F04200D752DD /* Frameworks */,
				AD20EE5127C3F04200D752DD /* Resources */,
			);
			buildRules = (
			);
			dependencies = (
			);
			name = new;
			productName = new;
			productReference = AD20EE5327C3F04200D752DD /* new.app */;
			productType = "com.apple.product-type.application";
		};
/* End PBXNativeTarget section */

/* Begin PBXProject section */
		AD20EE4B27C3F04200D752DD /* Project object */ = {
			isa = PBXProject;
			attributes = {
				BuildIndependentTargetsInParallel = 1;
				LastSwiftUpdateCheck = 1320;
				LastUpgradeCheck = 1320;
				TargetAttributes = {
					AD20EE5227C3F04200D752DD = {
						CreatedOnToolsVersion = 13.2.1;
					};
				};
			};
			buildConfigurationList = AD20EE4E27C3F04200D752DD /* Build configuration list for PBXProject "new" */;
			compatibilityVersion = "Xcode 13.0";
			developmentRegion = en;
			hasScannedForEncodings = 0;
			knownRegions = (
				en,
				Base,
			);
			mainGroup = AD20EE4A27C3F04200D752DD;
			productRefGroup = AD20EE5427C3F04200D752DD /* Products */;
			projectDirPath = "";
			projectRoot = "";
			targets = (
				AD20EE5227C3F04200D752DD /* new */,
			);
		};
/* End PBXProject section */

/* Begin PBXResourcesBuildPhase section */
		AD20EE5127C3F04200D752DD /* Resources */ = {
			isa = PBXResourcesBuildPhase;
			buildActionMask = 2147483647;
			files = (
				AD20EE5E27C3F04400D752DD /* Preview Assets.xcassets in Resources */,
				AD20EE5B27C3F04400D752DD /* Assets.xcassets in Resources */,
			);
			runOnlyForDeploymentPostprocessing = 0;
		};
/* End PBXResourcesBuildPhase section */

/* Begin PBXSourcesBuildPhase section */
		AD20EE4F27C3F04200D752DD /* Sources */ = {
			isa = PBXSourcesBuildPhase;
			buildActionMask = 2147483647;
			files = (
				ADBE1DF227C443CF002D403D /* Bottom.swift in Sources */,
				ADBE1DF427C449ED002D403D /* post.swift in Sources */,
				AD20EE5927C3F04200D752DD /* ContentView.swift in Sources */,
				AD43C56E27C4EBE900C0144B /* buttonTap.swift in Sources */,
				AD43C57227C5067100C0144B /* ShortsYoutube.swift in Sources */,
				AD43C56A27C4DE2D00C0144B /* Stories.swift in Sources */,
				ADBE1DF027C43BEC002D403D /* explore.swift in Sources */,
				AD20EE5727C3F04200D752DD /* newApp.swift in Sources */,
				AD43C56C27C4DE8B00C0144B /* BreakingNews.swift in Sources */,
				AD43C57027C4FCCD00C0144B /* Story.swift in Sources */,
			);
			runOnlyForDeploymentPostprocessing = 0;
		};
/* End PBXSourcesBuildPhase section */

/* Begin XCBuildConfiguration section */
		AD20EE5F27C3F04400D752DD /* Debug */ = {
			isa = XCBuildConfiguration;
			buildSettings = {
				ALWAYS_SEARCH_USER_PATHS = NO;
				CLANG_ANALYZER_NONNULL = YES;
				CLANG_ANALYZER_NUMBER_OBJECT_CONVERSION = YES_AGGRESSIVE;
				CLANG_CXX_LANGUAGE_STANDARD = "gnu++17";
				CLANG_CXX_LIBRARY = "libc++";
				CLANG_ENABLE_MODULES = YES;
				CLANG_ENABLE_OBJC_ARC = YES;
				CLANG_ENABLE_OBJC_WEAK = YES;
				CLANG_WARN_BLOCK_CAPTURE_AUTORELEASING = YES;
				CLANG_WARN_BOOL_CONVERSION = YES;
				CLANG_WARN_COMMA = YES;
				CLANG_WARN_CONSTANT_CONVERSION = YES;
				CLANG_WARN_DEPRECATED_OBJC_IMPLEMENTATIONS = YES;
				CLANG_WARN_DIRECT_OBJC_ISA_USAGE = YES_ERROR;
				CLANG_WARN_DOCUMENTATION_COMMENTS = YES;
				CLANG_WARN_EMPTY_BODY = YES;
				CLANG_WARN_ENUM_CONVERSION = YES;
				CLANG_WARN_INFINITE_RECURSION = YES;
				CLANG_WARN_INT_CONVERSION = YES;
				CLANG_WARN_NON_LITERAL_NULL_CONVERSION = YES;
				CLANG_WARN_OBJC_IMPLICIT_RETAIN_SELF = YES;
				CLANG_WARN_OBJC_LITERAL_CONVERSION = YES;
				CLANG_WARN_OBJC_ROOT_CLASS = YES_ERROR;
				CLANG_WARN_QUOTED_INCLUDE_IN_FRAMEWORK_HEADER = YES;
				CLANG_WARN_RANGE_LOOP_ANALYSIS = YES;
				CLANG_WARN_STRICT_PROTOTYPES = YES;
				CLANG_WARN_SUSPICIOUS_MOVE = YES;
				CLANG_WARN_UNGUARDED_AVAILABILITY = YES_AGGRESSIVE;
				CLANG_WARN_UNREACHABLE_CODE = YES;
				CLANG_WARN__DUPLICATE_METHOD_MATCH = YES;
				COPY_PHASE_STRIP = NO;
				DEBUG_INFORMATION_FORMAT = dwarf;
				ENABLE_STRICT_OBJC_MSGSEND = YES;
				ENABLE_TESTABILITY = YES;
				GCC_C_LANGUAGE_STANDARD = gnu11;
				GCC_DYNAMIC_NO_PIC = NO;
				GCC_NO_COMMON_BLOCKS = YES;
				GCC_OPTIMIZATION_LEVEL = 0;
				GCC_PREPROCESSOR_DEFINITIONS = (
					"DEBUG=1",
					"$(inherited)",
				);
				GCC_WARN_64_TO_32_BIT_CONVERSION = YES;
				GCC_WARN_ABOUT_RETURN_TYPE = YES_ERROR;
				GCC_WARN_UNDECLARED_SELECTOR = YES;
				GCC_WARN_UNINITIALIZED_AUTOS = YES_AGGRESSIVE;
				GCC_WARN_UNUSED_FUNCTION = YES;
				GCC_WARN_UNUSED_VARIABLE = YES;
				IPHONEOS_DEPLOYMENT_TARGET = 15.2;
				MTL_ENABLE_DEBUG_INFO = INCLUDE_SOURCE;
				MTL_FAST_MATH = YES;
				ONLY_ACTIVE_ARCH = YES;
				SDKROOT = iphoneos;
				SWIFT_ACTIVE_COMPILATION_CONDITIONS = DEBUG;
				SWIFT_OPTIMIZATION_LEVEL = "-Onone";
			};
			name = Debug;
		};
		AD20EE6027C3F04400D752DD /* Release */ = {
			isa = XCBuildConfiguration;
			buildSettings = {
				ALWAYS_SEARCH_USER_PATHS = NO;
				CLANG_ANALYZER_NONNULL = YES;
				CLANG_ANALYZER_NUMBER_OBJECT_CONVERSION = YES_AGGRESSIVE;
				CLANG_CXX_LANGUAGE_STANDARD = "gnu++17";
				CLANG_CXX_LIBRARY = "libc++";
				CLANG_ENABLE_MODULES = YES;
				CLANG_ENABLE_OBJC_ARC = YES;
				CLANG_ENABLE_OBJC_WEAK = YES;
				CLANG_WARN_BLOCK_CAPTURE_AUTORELEASING = YES;
				CLANG_WARN_BOOL_CONVERSION = YES;
				CLANG_WARN_COMMA = YES;
				CLANG_WARN_CONSTANT_CONVERSION = YES;
				CLANG_WARN_DEPRECATED_OBJC_IMPLEMENTATIONS = YES;
				CLANG_WARN_DIRECT_OBJC_ISA_USAGE = YES_ERROR;
				CLANG_WARN_DOCUMENTATION_COMMENTS = YES;
				CLANG_WARN_EMPTY_BODY = YES;
				CLANG_WARN_ENUM_CONVERSION = YES;
				CLANG_WARN_INFINITE_RECURSION = YES;
				CLANG_WARN_INT_CONVERSION = YES;
				CLANG_WARN_NON_LITERAL_NULL_CONVERSION = YES;
				CLANG_WARN_OBJC_IMPLICIT_RETAIN_SELF = YES;
				CLANG_WARN_OBJC_LITERAL_CONVERSION = YES;
				CLANG_WARN_OBJC_ROOT_CLASS = YES_ERROR;
				CLANG_WARN_QUOTED_INCLUDE_IN_FRAMEWORK_HEADER = YES;
				CLANG_WARN_RANGE_LOOP_ANALYSIS = YES;
				CLANG_WARN_STRICT_PROTOTYPES = YES;
				CLANG_WARN_SUSPICIOUS_MOVE = YES;
				CLANG_WARN_UNGUARDED_AVAILABILITY = YES_AGGRESSIVE;
				CLANG_WARN_UNREACHABLE_CODE = YES;
				CLANG_WARN__DUPLICATE_METHOD_MATCH = YES;
				COPY_PHASE_STRIP = NO;
				DEBUG_INFORMATION_FORMAT = "dwarf-with-dsym";
				ENABLE_NS_ASSERTIONS = NO;
				ENABLE_STRICT_OBJC_MSGSEND = YES;
				GCC_C_LANGUAGE_STANDARD = gnu11;
				GCC_NO_COMMON_BLOCKS = YES;
				GCC_WARN_64_TO_32_BIT_CONVERSION = YES;
				GCC_WARN_ABOUT_RETURN_TYPE = YES_ERROR;
				GCC_WARN_UNDECLARED_SELECTOR = YES;
				GCC_WARN_UNINITIALIZED_AUTOS = YES_AGGRESSIVE;
				GCC_WARN_UNUSED_FUNCTION = YES;
				GCC_WARN_UNUSED_VARIABLE = YES;
				IPHONEOS_DEPLOYMENT_TARGET = 15.2;
				MTL_ENABLE_DEBUG_INFO = NO;
				MTL_FAST_MATH = YES;
				SDKROOT = iphoneos;
				SWIFT_COMPILATION_MODE = wholemodule;
				SWIFT_OPTIMIZATION_LEVEL = "-O";
				VALIDATE_PRODUCT = YES;
			};
			name = Release;
		};
		AD20EE6227C3F04400D752DD /* Debug */ = {
			isa = XCBuildConfiguration;
			buildSettings = {
				ASSETCATALOG_COMPILER_APPICON_NAME = AppIcon;
				ASSETCATALOG_COMPILER_GLOBAL_ACCENT_COLOR_NAME = AccentColor;
				CODE_SIGN_STYLE = Automatic;
				CURRENT_PROJECT_VERSION = 1;
				DEVELOPMENT_ASSET_PATHS = "\"new/Preview Content\"";
				ENABLE_PREVIEWS = YES;
				GENERATE_INFOPLIST_FILE = YES;
				INFOPLIST_KEY_UIApplicationSceneManifest_Generation = YES;
				INFOPLIST_KEY_UIApplicationSupportsIndirectInputEvents = YES;
				INFOPLIST_KEY_UILaunchScreen_Generation = YES;
				INFOPLIST_KEY_UISupportedInterfaceOrientations_iPad = "UIInterfaceOrientationPortrait UIInterfaceOrientationPortraitUpsideDown UIInterfaceOrientationLandscapeLeft UIInterfaceOrientationLandscapeRight";
				INFOPLIST_KEY_UISupportedInterfaceOrientations_iPhone = "UIInterfaceOrientationPortrait UIInterfaceOrientationLandscapeLeft UIInterfaceOrientationLandscapeRight";
				LD_RUNPATH_SEARCH_PATHS = (
					"$(inherited)",
					"@executable_path/Frameworks",
				);
				MARKETING_VERSION = 1.0;
				PRODUCT_BUNDLE_IDENTIFIER = demo.new;
				PRODUCT_NAME = "$(TARGET_NAME)";
				SWIFT_EMIT_LOC_STRINGS = YES;
				SWIFT_VERSION = 5.0;
				TARGETED_DEVICE_FAMILY = "1,2";
			};
			name = Debug;
		};
		AD20EE6327C3F04400D752DD /* Release */ = {
			isa = XCBuildConfiguration;
			buildSettings = {
				ASSETCATALOG_COMPILER_APPICON_NAME = AppIcon;
				ASSETCATALOG_COMPILER_GLOBAL_ACCENT_COLOR_NAME = AccentColor;
				CODE_SIGN_STYLE = Automatic;
				CURRENT_PROJECT_VERSION = 1;
				DEVELOPMENT_ASSET_PATHS = "\"new/Preview Content\"";
				ENABLE_PREVIEWS = YES;
				GENERATE_INFOPLIST_FILE = YES;
				INFOPLIST_KEY_UIApplicationSceneManifest_Generation = YES;
				INFOPLIST_KEY_UIApplicationSupportsIndirectInputEvents = YES;
				INFOPLIST_KEY_UILaunchScreen_Generation = YES;
				INFOPLIST_KEY_UISupportedInterfaceOrientations_iPad = "UIInterfaceOrientationPortrait UIInterfaceOrientationPortraitUpsideDown UIInterfaceOrientationLandscapeLeft UIInterfaceOrientationLandscapeRight";
				INFOPLIST_KEY_UISupportedInterfaceOrientations_iPhone = "UIInterfaceOrientationPortrait UIInterfaceOrientationLandscapeLeft UIInterfaceOrientationLandscapeRight";
				LD_RUNPATH_SEARCH_PATHS = (
					"$(inherited)",
					"@executable_path/Frameworks",
				);
				MARKETING_VERSION = 1.0;
				PRODUCT_BUNDLE_IDENTIFIER = demo.new;
				PRODUCT_NAME = "$(TARGET_NAME)";
				SWIFT_EMIT_LOC_STRINGS = YES;
				SWIFT_VERSION = 5.0;
				TARGETED_DEVICE_FAMILY = "1,2";
			};
			name = Release;
		};
/* End XCBuildConfiguration section */

/* Begin XCConfigurationList section */
		AD20EE4E27C3F04200D752DD /* Build configuration list for PBXProject "new" */ = {
			isa = XCConfigurationList;
			buildConfigurations = (
				AD20EE5F27C3F04400D752DD /* Debug */,
				AD20EE6027C3F04400D752DD /* Release */,
			);
			defaultConfigurationIsVisible = 0;
			defaultConfigurationName = Release;
		};
		AD20EE6127C3F04400D752DD /* Build configuration list for PBXNativeTarget "new" */ = {
			isa = XCConfigurationList;
			buildConfigurations = (
				AD20EE6227C3F04400D752DD /* Debug */,
				AD20EE6327C3F04400D752DD /* Release */,
			);
			defaultConfigurationIsVisible = 0;
			defaultConfigurationName = Release;
		};
/* End XCConfigurationList section */
	};
	rootObject = AD20EE4B27C3F04200D752DD /* Project object */;
}
